
Microsoft Visual Studio Solution File, Format Version 12.00
# Visual Studio Version 16
VisualStudioVersion = 16.0.30907.101
MinimumVisualStudioVersion = 15.0.26124.0
Project("{9A19103F-16F7-4668-BE54-9A1E7A4F7556}") = "Flunt", "Flunt\Flunt.csproj", "{8BC195E8-08FC-403B-8E67-261928C7C539}"
EndProject
Project("{9A19103F-16F7-4668-BE54-9A1E7A4F7556}") = "Flunt.Tests", "Flunt.Tests\Flunt.Tests.csproj", "{C6AD8DB5-7A43-478C-A5F5-34673357838C}"
EndProject
Project("{FAE04EC0-301F-11D3-BF4B-00C04F79EFBC}") = "Flunt.Samples", "Flunt.Samples\Flunt.Samples.csproj", "{679D0442-90D1-409F-9947-98C402F11752}"
EndProject
Global
	GlobalSection(SolutionConfigurationPlatforms) = preSolution
		Debug|Any CPU = Debug|Any CPU
		Debug|x64 = Debug|x64
		Debug|x86 = Debug|x86
		Release|Any CPU = Release|Any CPU
		Release|x64 = Release|x64
		Release|x86 = Release|x86
	EndGlobalSection
	GlobalSection(ProjectConfigurationPlatforms) = postSolution
		{8BC195E8-08FC-403B-8E67-261928C7C539}.Debug|Any CPU.ActiveCfg = Debug|Any CPU
		{8BC195E8-08FC-403B-8E67-261928C7C539}.Debug|Any CPU.Build.0 = Debug|Any CPU
		{8BC195E8-08FC-403B-8E67-261928C7C539}.Debug|x64.ActiveCfg = Debug|Any CPU
		{8BC195E8-08FC-403B-8E67-261928C7C539}.Debug|x64.Build.0 = Debug|Any CPU
		{8BC195E8-08FC-403B-8E67-261928C7C539}.Debug|x86.ActiveCfg = Debug|Any CPU
		{8BC195E8-08FC-403B-8E67-261928C7C539}.Debug|x86.Build.0 = Debug|Any CPU
		{8BC195E8-08FC-403B-8E67-261928C7C539}.Release|Any CPU.ActiveCfg = Release|Any CPU
		{8BC195E8-08FC-403B-8E67-261928C7C539}.Release|Any CPU.Build.0 = Release|Any CPU
		{8BC195E8-08FC-403B-8E67-261928C7C539}.Release|x64.ActiveCfg = Release|Any CPU
		{8BC195E8-08FC-403B-8E67-261928C7C539}.Release|x64.Build.0 = Release|Any CPU
		{8BC195E8-08FC-403B-8E67-261928C7C539}.Release|x86.ActiveCfg = Release|Any CPU
		{8BC195E8-08FC-403B-8E67-261928C7C539}.Release|x86.Build.0 = Release|Any CPU
		{C6AD8DB5-7A43-478C-A5F5-34673357838C}.Debug|Any CPU.ActiveCfg = Debug|Any CPU
		{C6AD8DB5-7A43-478C-A5F5-34673357838C}.Debug|Any CPU.Build.0 = Debug|Any CPU
		{C6AD8DB5-7A43-478C-A5F5-34673357838C}.Debug|x64.ActiveCfg = Debug|Any CPU
		{C6AD8DB5-7A43-478C-A5F5-34673357838C}.Debug|x64.Build.0 = Debug|Any CPU
		{C6AD8DB5-7A43-478C-A5F5-34673357838C}.Debug|x86.ActiveCfg = Debug|Any CPU
		{C6AD8DB5-7A43-478C-A5F5-34673357838C}.Debug|x86.Build.0 = Debug|Any CPU
		{C6AD8DB5-7A43-478C-A5F5-34673357838C}.Release|Any CPU.ActiveCfg = Release|Any CPU
		{C6AD8DB5-7A43-478C-A5F5-34673357838C}.Release|Any CPU.Build.0 = Release|Any CPU
		{C6AD8DB5-7A43-478C-A5F5-34673357838C}.Release|x64.ActiveCfg = Release|Any CPU
		{C6AD8DB5-7A43-478C-A5F5-34673357838C}.Release|x64.Build.0 = Release|Any CPU
		{C6AD8DB5-7A43-478C-A5F5-34673357838C}.Release|x86.ActiveCfg = Release|Any CPU
		{C6AD8DB5-7A43-478C-A5F5-34673357838C}.Release|x86.Build.0 = Release|Any CPU
		{679D0442-90D1-409F-9947-98C402F11752}.Debug|Any CPU.ActiveCfg = Debug|Any CPU
		{679D0442-90D1-409F-9947-98C402F11752}.Debug|Any CPU.Build.0 = Debug|Any CPU
		{679D0442-90D1-409F-9947-98C402F11752}.Debug|x64.ActiveCfg = Debug|Any CPU
		{679D0442-90D1-409F-9947-98C402F11752}.Debug|x64.Build.0 = Debug|Any CPU
		{679D0442-90D1-409F-9947-98C402F11752}.Debug|x86.ActiveCfg = Debug|Any CPU
		{679D0442-90D1-409F-9947-98C402F11752}.Debug|x86.Build.0 = Debug|Any CPU
		{679D0442-90D1-409F-9947-98C402F11752}.Release|Any CPU.ActiveCfg = Release|Any CPU
		{679D0442-90D1-409F-9947-98C402F11752}.Release|Any CPU.Build.0 = Release|Any CPU
		{679D0442-90D1-409F-9947-98C402F11752}.Release|x64.ActiveCfg = Release|Any CPU
		{679D0442-90D1-409F-9947-98C402F11752}.Release|x64.Build.0 = Release|Any CPU
		{679D0442-90D1-409F-9947-98C402F11752}.Release|x86.ActiveCfg = Release|Any CPU
		{679D0442-90D1-409F-9947-98C402F11752}.Release|x86.Build.0 = Release|Any CPU
	EndGlobalSection
	GlobalSection(SolutionProperties) = preSolution
		HideSolutionNode = FALSE
	EndGlobalSection
	GlobalSection(ExtensibilityGlobals) = postSolution
		SolutionGuid = {380C6B7B-4776-4F25-B010-8B382145B48C}
	EndGlobalSection
EndGlobal
