Microsoft Visual Studio Solution File, Format Version 12.00
# Visual Studio 15
VisualStudioVersion = 15.0.27130.2020
MinimumVisualStudioVersion = 15.0.26124.0
Project("{9A19103F-16F7-4668-BE54-9A1E7A4F7556}") = "Flunt", "Flunt\Flunt.csproj", "{ACE12F9D-6B80-404A-9771-CDCFC40B5AD8}"
EndProject
Project("{9A19103F-16F7-4668-BE54-9A1E7A4F7556}") = "Flunt.Tests", "Flunt.Tests\Flunt.Tests.csproj", "{D9D65F98-DD7D-4395-BEF4-FEABDCFE1BEC}"
EndProject
Global
	GlobalSection(SolutionConfigurationPlatforms) = preSolution
		Debug|Any CPU = Debug|Any CPU
		Debug|x64 = Debug|x64
		Debug|x86 = Debug|x86
		Release|Any CPU = Release|Any CPU
		Release|x64 = Release|x64
		Release|x86 = Release|x86
	EndGlobalSection
	GlobalSection(ProjectConfigurationPlatforms) = postSolution
		{ACE12F9D-6B80-404A-9771-CDCFC40B5AD8}.Debug|Any CPU.ActiveCfg = Debug|Any CPU
		{ACE12F9D-6B80-404A-9771-CDCFC40B5AD8}.Debug|Any CPU.Build.0 = Debug|Any CPU
		{ACE12F9D-6B80-404A-9771-CDCFC40B5AD8}.Debug|x64.ActiveCfg = Debug|Any CPU
		{ACE12F9D-6B80-404A-9771-CDCFC40B5AD8}.Debug|x64.Build.0 = Debug|Any CPU
		{ACE12F9D-6B80-404A-9771-CDCFC40B5AD8}.Debug|x86.ActiveCfg = Debug|Any CPU
		{ACE12F9D-6B80-404A-9771-CDCFC40B5AD8}.Debug|x86.Build.0 = Debug|Any CPU
		{ACE12F9D-6B80-404A-9771-CDCFC40B5AD8}.Release|Any CPU.ActiveCfg = Release|Any CPU
		{ACE12F9D-6B80-404A-9771-CDCFC40B5AD8}.Release|Any CPU.Build.0 = Release|Any CPU
		{ACE12F9D-6B80-404A-9771-CDCFC40B5AD8}.Release|x64.ActiveCfg = Release|Any CPU
		{ACE12F9D-6B80-404A-9771-CDCFC40B5AD8}.Release|x64.Build.0 = Release|Any CPU
		{ACE12F9D-6B80-404A-9771-CDCFC40B5AD8}.Release|x86.ActiveCfg = Release|Any CPU
		{ACE12F9D-6B80-404A-9771-CDCFC40B5AD8}.Release|x86.Build.0 = Release|Any CPU
		{D9D65F98-DD7D-4395-BEF4-FEABDCFE1BEC}.Debug|Any CPU.ActiveCfg = Debug|Any CPU
		{D9D65F98-DD7D-4395-BEF4-FEABDCFE1BEC}.Debug|Any CPU.Build.0 = Debug|Any CPU
		{D9D65F98-DD7D-4395-BEF4-FEABDCFE1BEC}.Debug|x64.ActiveCfg = Debug|Any CPU
		{D9D65F98-DD7D-4395-BEF4-FEABDCFE1BEC}.Debug|x64.Build.0 = Debug|Any CPU
		{D9D65F98-DD7D-4395-BEF4-FEABDCFE1BEC}.Debug|x86.ActiveCfg = Debug|Any CPU
		{D9D65F98-DD7D-4395-BEF4-FEABDCFE1BEC}.Debug|x86.Build.0 = Debug|Any CPU
		{D9D65F98-DD7D-4395-BEF4-FEABDCFE1BEC}.Release|Any CPU.ActiveCfg = Release|Any CPU
		{D9D65F98-DD7D-4395-BEF4-FEABDCFE1BEC}.Release|Any CPU.Build.0 = Release|Any CPU
		{D9D65F98-DD7D-4395-BEF4-FEABDCFE1BEC}.Release|x64.ActiveCfg = Release|Any CPU
		{D9D65F98-DD7D-4395-BEF4-FEABDCFE1BEC}.Release|x64.Build.0 = Release|Any CPU
		{D9D65F98-DD7D-4395-BEF4-FEABDCFE1BEC}.Release|x86.ActiveCfg = Release|Any CPU
		{D9D65F98-DD7D-4395-BEF4-FEABDCFE1BEC}.Release|x86.Build.0 = Release|Any CPU
	EndGlobalSection
	GlobalSection(SolutionProperties) = preSolution
		HideSolutionNode = FALSE
	EndGlobalSection
	GlobalSection(ExtensibilityGlobals) = postSolution
		SolutionGuid = {6BC0570E-627E-494D-995E-5FD960006FF3}
	EndGlobalSection
EndGlobal
